// !$*UTF8*$!
{
	archiveVersion = 1;
	classes = {
	};
	objectVersion = 50;
	objects = {

/* Begin PBXBuildFile section */
		FDFC143226FBF3960039CE1C /* AppDelegate.swift in Sources */ = {isa = PBXBuildFile; fileRef = FDFC143126FBF3960039CE1C /* AppDelegate.swift */; };
		FDFC143426FBF3960039CE1C /* SceneDelegate.swift in Sources */ = {isa = PBXBuildFile; fileRef = FDFC143326FBF3960039CE1C /* SceneDelegate.swift */; };
		FDFC143626FBF3960039CE1C /* ViewController.swift in Sources */ = {isa = PBXBuildFile; fileRef = FDFC143526FBF3960039CE1C /* ViewController.swift */; };
		FDFC143926FBF3960039CE1C /* Main.storyboard in Resources */ = {isa = PBXBuildFile; fileRef = FDFC143726FBF3960039CE1C /* Main.storyboard */; };
		FDFC143B26FBF3970039CE1C /* Assets.xcassets in Resources */ = {isa = PBXBuildFile; fileRef = FDFC143A26FBF3970039CE1C /* Assets.xcassets */; };
		FDFC143E26FBF3970039CE1C /* LaunchScreen.storyboard in Resources */ = {isa = PBXBuildFile; fileRef = FDFC143C26FBF3970039CE1C /* LaunchScreen.storyboard */; };
		FDFC144926FBF3970039CE1C /* audio_filtering_fft_dopplerTests.swift in Sources */ = {isa = PBXBuildFile; fileRef = FDFC144826FBF3970039CE1C /* audio_filtering_fft_dopplerTests.swift */; };
		FDFC145426FBF3970039CE1C /* audio_filtering_fft_dopplerUITests.swift in Sources */ = {isa = PBXBuildFile; fileRef = FDFC145326FBF3970039CE1C /* audio_filtering_fft_dopplerUITests.swift */; };
/* End PBXBuildFile section */

/* Begin PBXContainerItemProxy section */
		FDFC144526FBF3970039CE1C /* PBXContainerItemProxy */ = {
			isa = PBXContainerItemProxy;
			containerPortal = FDFC142626FBF3960039CE1C /* Project object */;
			proxyType = 1;
			remoteGlobalIDString = FDFC142D26FBF3960039CE1C;
			remoteInfo = "audio-filtering-fft-doppler";
		};
		FDFC145026FBF3970039CE1C /* PBXContainerItemProxy */ = {
			isa = PBXContainerItemProxy;
			containerPortal = FDFC142626FBF3960039CE1C /* Project object */;
			proxyType = 1;
			remoteGlobalIDString = FDFC142D26FBF3960039CE1C;
			remoteInfo = "audio-filtering-fft-doppler";
		};
/* End PBXContainerItemProxy section */

/* Begin PBXFileReference section */
		FDFC142E26FBF3960039CE1C /* audio-filtering-fft-doppler.app */ = {isa = PBXFileReference; explicitFileType = wrapper.application; includeInIndex = 0; path = "audio-filtering-fft-doppler.app"; sourceTree = BUILT_PRODUCTS_DIR; };
		FDFC143126FBF3960039CE1C /* AppDelegate.swift */ = {isa = PBXFileReference; lastKnownFileType = sourcecode.swift; path = AppDelegate.swift; sourceTree = "<group>"; };
		FDFC143326FBF3960039CE1C /* SceneDelegate.swift */ = {isa = PBXFileReference; lastKnownFileType = sourcecode.swift; path = SceneDelegate.swift; sourceTree = "<group>"; };
		FDFC143526FBF3960039CE1C /* ViewController.swift */ = {isa = PBXFileReference; lastKnownFileType = sourcecode.swift; path = ViewController.swift; sourceTree = "<group>"; };
		FDFC143826FBF3960039CE1C /* Base */ = {isa = PBXFileReference; lastKnownFileType = file.storyboard; name = Base; path = Base.lproj/Main.storyboard; sourceTree = "<group>"; };
		FDFC143A26FBF3970039CE1C /* Assets.xcassets */ = {isa = PBXFileReference; lastKnownFileType = folder.assetcatalog; path = Assets.xcassets; sourceTree = "<group>"; };
		FDFC143D26FBF3970039CE1C /* Base */ = {isa = PBXFileReference; lastKnownFileType = file.storyboard; name = Base; path = Base.lproj/LaunchScreen.storyboard; sourceTree = "<group>"; };
		FDFC143F26FBF3970039CE1C /* Info.plist */ = {isa = PBXFileReference; lastKnownFileType = text.plist.xml; path = Info.plist; sourceTree = "<group>"; };
		FDFC144426FBF3970039CE1C /* audio-filtering-fft-dopplerTests.xctest */ = {isa = PBXFileReference; explicitFileType = wrapper.cfbundle; includeInIndex = 0; path = "audio-filtering-fft-dopplerTests.xctest"; sourceTree = BUILT_PRODUCTS_DIR; };
		FDFC144826FBF3970039CE1C /* audio_filtering_fft_dopplerTests.swift */ = {isa = PBXFileReference; lastKnownFileType = sourcecode.swift; path = audio_filtering_fft_dopplerTests.swift; sourceTree = "<group>"; };
		FDFC144A26FBF3970039CE1C /* Info.plist */ = {isa = PBXFileReference; lastKnownFileType = text.plist.xml; path = Info.plist; sourceTree = "<group>"; };
		FDFC144F26FBF3970039CE1C /* audio-filtering-fft-dopplerUITests.xctest */ = {isa = PBXFileReference; explicitFileType = wrapper.cfbundle; includeInIndex = 0; path = "audio-filtering-fft-dopplerUITests.xctest"; sourceTree = BUILT_PRODUCTS_DIR; };
		FDFC145326FBF3970039CE1C /* audio_filtering_fft_dopplerUITests.swift */ = {isa = PBXFileReference; lastKnownFileType = sourcecode.swift; path = audio_filtering_fft_dopplerUITests.swift; sourceTree = "<group>"; };
		FDFC145526FBF3970039CE1C /* Info.plist */ = {isa = PBXFileReference; lastKnownFileType = text.plist.xml; path = Info.plist; sourceTree = "<group>"; };
/* End PBXFileReference section */

/* Begin PBXFrameworksBuildPhase section */
		FDFC142B26FBF3960039CE1C /* Frameworks */ = {
			isa = PBXFrameworksBuildPhase;
			buildActionMask = 2147483647;
			files = (
			);
			runOnlyForDeploymentPostprocessing = 0;
		};
		FDFC144126FBF3970039CE1C /* Frameworks */ = {
			isa = PBXFrameworksBuildPhase;
			buildActionMask = 2147483647;
			files = (
			);
			runOnlyForDeploymentPostprocessing = 0;
		};
		FDFC144C26FBF3970039CE1C /* Frameworks */ = {
			isa = PBXFrameworksBuildPhase;
			buildActionMask = 2147483647;
			files = (
			);
			runOnlyForDeploymentPostprocessing = 0;
		};
/* End PBXFrameworksBuildPhase section */

/* Begin PBXGroup section */
		FDFC142526FBF3960039CE1C = {
			isa = PBXGroup;
			children = (
				FDFC143026FBF3960039CE1C /* audio-filtering-fft-doppler */,
				FDFC144726FBF3970039CE1C /* audio-filtering-fft-dopplerTests */,
				FDFC145226FBF3970039CE1C /* audio-filtering-fft-dopplerUITests */,
				FDFC142F26FBF3960039CE1C /* Products */,
			);
			sourceTree = "<group>";
		};
		FDFC142F26FBF3960039CE1C /* Products */ = {
			isa = PBXGroup;
			children = (
				FDFC142E26FBF3960039CE1C /* audio-filtering-fft-doppler.app */,
				FDFC144426FBF3970039CE1C /* audio-filtering-fft-dopplerTests.xctest */,
				FDFC144F26FBF3970039CE1C /* audio-filtering-fft-dopplerUITests.xctest */,
			);
			name = Products;
			sourceTree = "<group>";
		};
		FDFC143026FBF3960039CE1C /* audio-filtering-fft-doppler */ = {
			isa = PBXGroup;
			children = (
				FDFC143126FBF3960039CE1C /* AppDelegate.swift */,
				FDFC143326FBF3960039CE1C /* SceneDelegate.swift */,
				FDFC143526FBF3960039CE1C /* ViewController.swift */,
				FDFC143726FBF3960039CE1C /* Main.storyboard */,
				FDFC143A26FBF3970039CE1C /* Assets.xcassets */,
				FDFC143C26FBF3970039CE1C /* LaunchScreen.storyboard */,
				FDFC143F26FBF3970039CE1C /* Info.plist */,
			);
			path = "audio-filtering-fft-doppler";
			sourceTree = "<group>";
		};
		FDFC144726FBF3970039CE1C /* audio-filtering-fft-dopplerTests */ = {
			isa = PBXGroup;
			children = (
				FDFC144826FBF3970039CE1C /* audio_filtering_fft_dopplerTests.swift */,
				FDFC144A26FBF3970039CE1C /* Info.plist */,
			);
			path = "audio-filtering-fft-dopplerTests";
			sourceTree = "<group>";
		};
		FDFC145226FBF3970039CE1C /* audio-filtering-fft-dopplerUITests */ = {
			isa = PBXGroup;
			children = (
				FDFC145326FBF3970039CE1C /* audio_filtering_fft_dopplerUITests.swift */,
				FDFC145526FBF3970039CE1C /* Info.plist */,
			);
			path = "audio-filtering-fft-dopplerUITests";
			sourceTree = "<group>";
		};
/* End PBXGroup section */

/* Begin PBXNativeTarget section */
		FDFC142D26FBF3960039CE1C /* audio-filtering-fft-doppler */ = {
			isa = PBXNativeTarget;
			buildConfigurationList = FDFC145826FBF3970039CE1C /* Build configuration list for PBXNativeTarget "audio-filtering-fft-doppler" */;
			buildPhases = (
				FDFC142A26FBF3960039CE1C /* Sources */,
				FDFC142B26FBF3960039CE1C /* Frameworks */,
				FDFC142C26FBF3960039CE1C /* Resources */,
			);
			buildRules = (
			);
			dependencies = (
			);
			name = "audio-filtering-fft-doppler";
			productName = "audio-filtering-fft-doppler";
			productReference = FDFC142E26FBF3960039CE1C /* audio-filtering-fft-doppler.app */;
			productType = "com.apple.product-type.application";
		};
		FDFC144326FBF3970039CE1C /* audio-filtering-fft-dopplerTests */ = {
			isa = PBXNativeTarget;
			buildConfigurationList = FDFC145B26FBF3970039CE1C /* Build configuration list for PBXNativeTarget "audio-filtering-fft-dopplerTests" */;
			buildPhases = (
				FDFC144026FBF3970039CE1C /* Sources */,
				FDFC144126FBF3970039CE1C /* Frameworks */,
				FDFC144226FBF3970039CE1C /* Resources */,
			);
			buildRules = (
			);
			dependencies = (
				FDFC144626FBF3970039CE1C /* PBXTargetDependency */,
			);
			name = "audio-filtering-fft-dopplerTests";
			productName = "audio-filtering-fft-dopplerTests";
			productReference = FDFC144426FBF3970039CE1C /* audio-filtering-fft-dopplerTests.xctest */;
			productType = "com.apple.product-type.bundle.unit-test";
		};
		FDFC144E26FBF3970039CE1C /* audio-filtering-fft-dopplerUITests */ = {
			isa = PBXNativeTarget;
			buildConfigurationList = FDFC145E26FBF3970039CE1C /* Build configuration list for PBXNativeTarget "audio-filtering-fft-dopplerUITests" */;
			buildPhases = (
				FDFC144B26FBF3970039CE1C /* Sources */,
				FDFC144C26FBF3970039CE1C /* Frameworks */,
				FDFC144D26FBF3970039CE1C /* Resources */,
			);
			buildRules = (
			);
			dependencies = (
				FDFC145126FBF3970039CE1C /* PBXTargetDependency */,
			);
			name = "audio-filtering-fft-dopplerUITests";
			productName = "audio-filtering-fft-dopplerUITests";
			productReference = FDFC144F26FBF3970039CE1C /* audio-filtering-fft-dopplerUITests.xctest */;
			productType = "com.apple.product-type.bundle.ui-testing";
		};
/* End PBXNativeTarget section */

/* Begin PBXProject section */
		FDFC142626FBF3960039CE1C /* Project object */ = {
			isa = PBXProject;
			attributes = {
				LastSwiftUpdateCheck = 1250;
				LastUpgradeCheck = 1250;
				TargetAttributes = {
					FDFC142D26FBF3960039CE1C = {
						CreatedOnToolsVersion = 12.5.1;
					};
					FDFC144326FBF3970039CE1C = {
						CreatedOnToolsVersion = 12.5.1;
						TestTargetID = FDFC142D26FBF3960039CE1C;
					};
					FDFC144E26FBF3970039CE1C = {
						CreatedOnToolsVersion = 12.5.1;
						TestTargetID = FDFC142D26FBF3960039CE1C;
					};
				};
			};
			buildConfigurationList = FDFC142926FBF3960039CE1C /* Build configuration list for PBXProject "audio-filtering-fft-doppler" */;
			compatibilityVersion = "Xcode 9.3";
			developmentRegion = en;
			hasScannedForEncodings = 0;
			knownRegions = (
				en,
				Base,
			);
			mainGroup = FDFC142526FBF3960039CE1C;
			productRefGroup = FDFC142F26FBF3960039CE1C /* Products */;
			projectDirPath = "";
			projectRoot = "";
			targets = (
				FDFC142D26FBF3960039CE1C /* audio-filtering-fft-doppler */,
				FDFC144326FBF3970039CE1C /* audio-filtering-fft-dopplerTests */,
				FDFC144E26FBF3970039CE1C /* audio-filtering-fft-dopplerUITests */,
			);
		};
/* End PBXProject section */

/* Begin PBXResourcesBuildPhase section */
		FDFC142C26FBF3960039CE1C /* Resources */ = {
			isa = PBXResourcesBuildPhase;
			buildActionMask = 2147483647;
			files = (
				FDFC143E26FBF3970039CE1C /* LaunchScreen.storyboard in Resources */,
				FDFC143B26FBF3970039CE1C /* Assets.xcassets in Resources */,
				FDFC143926FBF3960039CE1C /* Main.storyboard in Resources */,
			);
			runOnlyForDeploymentPostprocessing = 0;
		};
		FDFC144226FBF3970039CE1C /* Resources */ = {
			isa = PBXResourcesBuildPhase;
			buildActionMask = 2147483647;
			files = (
			);
			runOnlyForDeploymentPostprocessing = 0;
		};
		FDFC144D26FBF3970039CE1C /* Resources */ = {
			isa = PBXResourcesBuildPhase;
			buildActionMask = 2147483647;
			files = (
			);
			runOnlyForDeploymentPostprocessing = 0;
		};
/* End PBXResourcesBuildPhase section */

/* Begin PBXSourcesBuildPhase section */
		FDFC142A26FBF3960039CE1C /* Sources */ = {
			isa = PBXSourcesBuildPhase;
			buildActionMask = 2147483647;
			files = (
				FDFC143626FBF3960039CE1C /* ViewController.swift in Sources */,
				FDFC143226FBF3960039CE1C /* AppDelegate.swift in Sources */,
				FDFC143426FBF3960039CE1C /* SceneDelegate.swift in Sources */,
			);
			runOnlyForDeploymentPostprocessing = 0;
		};
		FDFC144026FBF3970039CE1C /* Sources */ = {
			isa = PBXSourcesBuildPhase;
			buildActionMask = 2147483647;
			files = (
				FDFC144926FBF3970039CE1C /* audio_filtering_fft_dopplerTests.swift in Sources */,
			);
			runOnlyForDeploymentPostprocessing = 0;
		};
		FDFC144B26FBF3970039CE1C /* Sources */ = {
			isa = PBXSourcesBuildPhase;
			buildActionMask = 2147483647;
			files = (
				FDFC145426FBF3970039CE1C /* audio_filtering_fft_dopplerUITests.swift in Sources */,
			);
			runOnlyForDeploymentPostprocessing = 0;
		};
/* End PBXSourcesBuildPhase section */

/* Begin PBXTargetDependency section */
		FDFC144626FBF3970039CE1C /* PBXTargetDependency */ = {
			isa = PBXTargetDependency;
			target = FDFC142D26FBF3960039CE1C /* audio-filtering-fft-doppler */;
			targetProxy = FDFC144526FBF3970039CE1C /* PBXContainerItemProxy */;
		};
		FDFC145126FBF3970039CE1C /* PBXTargetDependency */ = {
			isa = PBXTargetDependency;
			target = FDFC142D26FBF3960039CE1C /* audio-filtering-fft-doppler */;
			targetProxy = FDFC145026FBF3970039CE1C /* PBXContainerItemProxy */;
		};
/* End PBXTargetDependency section */

/* Begin PBXVariantGroup section */
		FDFC143726FBF3960039CE1C /* Main.storyboard */ = {
			isa = PBXVariantGroup;
			children = (
				FDFC143826FBF3960039CE1C /* Base */,
			);
			name = Main.storyboard;
			sourceTree = "<group>";
		};
		FDFC143C26FBF3970039CE1C /* LaunchScreen.storyboard */ = {
			isa = PBXVariantGroup;
			children = (
				FDFC143D26FBF3970039CE1C /* Base */,
			);
			name = LaunchScreen.storyboard;
			sourceTree = "<group>";
		};
/* End PBXVariantGroup section */

/* Begin XCBuildConfiguration section */
		FDFC145626FBF3970039CE1C /* Debug */ = {
			isa = XCBuildConfiguration;
			buildSettings = {
				ALWAYS_SEARCH_USER_PATHS = NO;
				CLANG_ANALYZER_NONNULL = YES;
				CLANG_ANALYZER_NUMBER_OBJECT_CONVERSION = YES_AGGRESSIVE;
				CLANG_CXX_LANGUAGE_STANDARD = "gnu++14";
				CLANG_CXX_LIBRARY = "libc++";
				CLANG_ENABLE_MODULES = YES;
				CLANG_ENABLE_OBJC_ARC = YES;
				CLANG_ENABLE_OBJC_WEAK = YES;
				CLANG_WARN_BLOCK_CAPTURE_AUTORELEASING = YES;
				CLANG_WARN_BOOL_CONVERSION = YES;
				CLANG_WARN_COMMA = YES;
				CLANG_WARN_CONSTANT_CONVERSION = YES;
				CLANG_WARN_DEPRECATED_OBJC_IMPLEMENTATIONS = YES;
				CLANG_WARN_DIRECT_OBJC_ISA_USAGE = YES_ERROR;
				CLANG_WARN_DOCUMENTATION_COMMENTS = YES;
				CLANG_WARN_EMPTY_BODY = YES;
				CLANG_WARN_ENUM_CONVERSION = YES;
				CLANG_WARN_INFINITE_RECURSION = YES;
				CLANG_WARN_INT_CONVERSION = YES;
				CLANG_WARN_NON_LITERAL_NULL_CONVERSION = YES;
				CLANG_WARN_OBJC_IMPLICIT_RETAIN_SELF = YES;
				CLANG_WARN_OBJC_LITERAL_CONVERSION = YES;
				CLANG_WARN_OBJC_ROOT_CLASS = YES_ERROR;
				CLANG_WARN_QUOTED_INCLUDE_IN_FRAMEWORK_HEADER = YES;
				CLANG_WARN_RANGE_LOOP_ANALYSIS = YES;
				CLANG_WARN_STRICT_PROTOTYPES = YES;
				CLANG_WARN_SUSPICIOUS_MOVE = YES;
				CLANG_WARN_UNGUARDED_AVAILABILITY = YES_AGGRESSIVE;
				CLANG_WARN_UNREACHABLE_CODE = YES;
				CLANG_WARN__DUPLICATE_METHOD_MATCH = YES;
				COPY_PHASE_STRIP = NO;
				DEBUG_INFORMATION_FORMAT = dwarf;
				ENABLE_STRICT_OBJC_MSGSEND = YES;
				ENABLE_TESTABILITY = YES;
				GCC_C_LANGUAGE_STANDARD = gnu11;
				GCC_DYNAMIC_NO_PIC = NO;
				GCC_NO_COMMON_BLOCKS = YES;
				GCC_OPTIMIZATION_LEVEL = 0;
				GCC_PREPROCESSOR_DEFINITIONS = (
					"DEBUG=1",
					"$(inherited)",
				);
				GCC_WARN_64_TO_32_BIT_CONVERSION = YES;
				GCC_WARN_ABOUT_RETURN_TYPE = YES_ERROR;
				GCC_WARN_UNDECLARED_SELECTOR = YES;
				GCC_WARN_UNINITIALIZED_AUTOS = YES_AGGRESSIVE;
				GCC_WARN_UNUSED_FUNCTION = YES;
				GCC_WARN_UNUSED_VARIABLE = YES;
				IPHONEOS_DEPLOYMENT_TARGET = 14.5;
				MTL_ENABLE_DEBUG_INFO = INCLUDE_SOURCE;
				MTL_FAST_MATH = YES;
				ONLY_ACTIVE_ARCH = YES;
				SDKROOT = iphoneos;
				SWIFT_ACTIVE_COMPILATION_CONDITIONS = DEBUG;
				SWIFT_OPTIMIZATION_LEVEL = "-Onone";
			};
			name = Debug;
		};
		FDFC145726FBF3970039CE1C /* Release */ = {
			isa = XCBuildConfiguration;
			buildSettings = {
				ALWAYS_SEARCH_USER_PATHS = NO;
				CLANG_ANALYZER_NONNULL = YES;
				CLANG_ANALYZER_NUMBER_OBJECT_CONVERSION = YES_AGGRESSIVE;
				CLANG_CXX_LANGUAGE_STANDARD = "gnu++14";
				CLANG_CXX_LIBRARY = "libc++";
				CLANG_ENABLE_MODULES = YES;
				CLANG_ENABLE_OBJC_ARC = YES;
				CLANG_ENABLE_OBJC_WEAK = YES;
				CLANG_WARN_BLOCK_CAPTURE_AUTORELEASING = YES;
				CLANG_WARN_BOOL_CONVERSION = YES;
				CLANG_WARN_COMMA = YES;
				CLANG_WARN_CONSTANT_CONVERSION = YES;
				CLANG_WARN_DEPRECATED_OBJC_IMPLEMENTATIONS = YES;
				CLANG_WARN_DIRECT_OBJC_ISA_USAGE = YES_ERROR;
				CLANG_WARN_DOCUMENTATION_COMMENTS = YES;
				CLANG_WARN_EMPTY_BODY = YES;
				CLANG_WARN_ENUM_CONVERSION = YES;
				CLANG_WARN_INFINITE_RECURSION = YES;
				CLANG_WARN_INT_CONVERSION = YES;
				CLANG_WARN_NON_LITERAL_NULL_CONVERSION = YES;
				CLANG_WARN_OBJC_IMPLICIT_RETAIN_SELF = YES;
				CLANG_WARN_OBJC_LITERAL_CONVERSION = YES;
				CLANG_WARN_OBJC_ROOT_CLASS = YES_ERROR;
				CLANG_WARN_QUOTED_INCLUDE_IN_FRAMEWORK_HEADER = YES;
				CLANG_WARN_RANGE_LOOP_ANALYSIS = YES;
				CLANG_WARN_STRICT_PROTOTYPES = YES;
				CLANG_WARN_SUSPICIOUS_MOVE = YES;
				CLANG_WARN_UNGUARDED_AVAILABILITY = YES_AGGRESSIVE;
				CLANG_WARN_UNREACHABLE_CODE = YES;
				CLANG_WARN__DUPLICATE_METHOD_MATCH = YES;
				COPY_PHASE_STRIP = NO;
				DEBUG_INFORMATION_FORMAT = "dwarf-with-dsym";
				ENABLE_NS_ASSERTIONS = NO;
				ENABLE_STRICT_OBJC_MSGSEND = YES;
				GCC_C_LANGUAGE_STANDARD = gnu11;
				GCC_NO_COMMON_BLOCKS = YES;
				GCC_WARN_64_TO_32_BIT_CONVERSION = YES;
				GCC_WARN_ABOUT_RETURN_TYPE = YES_ERROR;
				GCC_WARN_UNDECLARED_SELECTOR = YES;
				GCC_WARN_UNINITIALIZED_AUTOS = YES_AGGRESSIVE;
				GCC_WARN_UNUSED_FUNCTION = YES;
				GCC_WARN_UNUSED_VARIABLE = YES;
				IPHONEOS_DEPLOYMENT_TARGET = 14.5;
				MTL_ENABLE_DEBUG_INFO = NO;
				MTL_FAST_MATH = YES;
				SDKROOT = iphoneos;
				SWIFT_COMPILATION_MODE = wholemodule;
				SWIFT_OPTIMIZATION_LEVEL = "-O";
				VALIDATE_PRODUCT = YES;
			};
			name = Release;
		};
		FDFC145926FBF3970039CE1C /* Debug */ = {
			isa = XCBuildConfiguration;
			buildSettings = {
				ASSETCATALOG_COMPILER_APPICON_NAME = AppIcon;
				ASSETCATALOG_COMPILER_GLOBAL_ACCENT_COLOR_NAME = AccentColor;
				CODE_SIGN_STYLE = Automatic;
				DEVELOPMENT_TEAM = XGS97V26UJ;
				INFOPLIST_FILE = "audio-filtering-fft-doppler/Info.plist";
				LD_RUNPATH_SEARCH_PATHS = (
					"$(inherited)",
					"@executable_path/Frameworks",
				);
				PRODUCT_BUNDLE_IDENTIFIER = "SMU.audio-filtering-fft-doppler";
				PRODUCT_NAME = "$(TARGET_NAME)";
				SWIFT_VERSION = 5.0;
				TARGETED_DEVICE_FAMILY = "1,2";
			};
			name = Debug;
		};
		FDFC145A26FBF3970039CE1C /* Release */ = {
			isa = XCBuildConfiguration;
			buildSettings = {
				ASSETCATALOG_COMPILER_APPICON_NAME = AppIcon;
				ASSETCATALOG_COMPILER_GLOBAL_ACCENT_COLOR_NAME = AccentColor;
				CODE_SIGN_STYLE = Automatic;
				DEVELOPMENT_TEAM = XGS97V26UJ;
				INFOPLIST_FILE = "audio-filtering-fft-doppler/Info.plist";
				LD_RUNPATH_SEARCH_PATHS = (
					"$(inherited)",
					"@executable_path/Frameworks",
				);
				PRODUCT_BUNDLE_IDENTIFIER = "SMU.audio-filtering-fft-doppler";
				PRODUCT_NAME = "$(TARGET_NAME)";
				SWIFT_VERSION = 5.0;
				TARGETED_DEVICE_FAMILY = "1,2";
			};
			name = Release;
		};
		FDFC145C26FBF3970039CE1C /* Debug */ = {
			isa = XCBuildConfiguration;
			buildSettings = {
				ALWAYS_EMBED_SWIFT_STANDARD_LIBRARIES = YES;
				BUNDLE_LOADER = "$(TEST_HOST)";
				CODE_SIGN_STYLE = Automatic;
				DEVELOPMENT_TEAM = XGS97V26UJ;
				INFOPLIST_FILE = "audio-filtering-fft-dopplerTests/Info.plist";
				IPHONEOS_DEPLOYMENT_TARGET = 14.5;
				LD_RUNPATH_SEARCH_PATHS = (
					"$(inherited)",
					"@executable_path/Frameworks",
					"@loader_path/Frameworks",
				);
				PRODUCT_BUNDLE_IDENTIFIER = "SMU.audio-filtering-fft-dopplerTests";
				PRODUCT_NAME = "$(TARGET_NAME)";
				SWIFT_VERSION = 5.0;
				TARGETED_DEVICE_FAMILY = "1,2";
				TEST_HOST = "$(BUILT_PRODUCTS_DIR)/audio-filtering-fft-doppler.app/audio-filtering-fft-doppler";
			};
			name = Debug;
		};
		FDFC145D26FBF3970039CE1C /* Release */ = {
			isa = XCBuildConfiguration;
			buildSettings = {
				ALWAYS_EMBED_SWIFT_STANDARD_LIBRARIES = YES;
				BUNDLE_LOADER = "$(TEST_HOST)";
				CODE_SIGN_STYLE = Automatic;
				DEVELOPMENT_TEAM = XGS97V26UJ;
				INFOPLIST_FILE = "audio-filtering-fft-dopplerTests/Info.plist";
				IPHONEOS_DEPLOYMENT_TARGET = 14.5;
				LD_RUNPATH_SEARCH_PATHS = (
					"$(inherited)",
					"@executable_path/Frameworks",
					"@loader_path/Frameworks",
				);
				PRODUCT_BUNDLE_IDENTIFIER = "SMU.audio-filtering-fft-dopplerTests";
				PRODUCT_NAME = "$(TARGET_NAME)";
				SWIFT_VERSION = 5.0;
				TARGETED_DEVICE_FAMILY = "1,2";
				TEST_HOST = "$(BUILT_PRODUCTS_DIR)/audio-filtering-fft-doppler.app/audio-filtering-fft-doppler";
			};
			name = Release;
		};
		FDFC145F26FBF3970039CE1C /* Debug */ = {
			isa = XCBuildConfiguration;
			buildSettings = {
				ALWAYS_EMBED_SWIFT_STANDARD_LIBRARIES = YES;
				CODE_SIGN_STYLE = Automatic;
				DEVELOPMENT_TEAM = XGS97V26UJ;
				INFOPLIST_FILE = "audio-filtering-fft-dopplerUITests/Info.plist";
				LD_RUNPATH_SEARCH_PATHS = (
					"$(inherited)",
					"@executable_path/Frameworks",
					"@loader_path/Frameworks",
				);
				PRODUCT_BUNDLE_IDENTIFIER = "SMU.audio-filtering-fft-dopplerUITests";
				PRODUCT_NAME = "$(TARGET_NAME)";
				SWIFT_VERSION = 5.0;
				TARGETED_DEVICE_FAMILY = "1,2";
				TEST_TARGET_NAME = "audio-filtering-fft-doppler";
			};
			name = Debug;
		};
		FDFC146026FBF3970039CE1C /* Release */ = {
			isa = XCBuildConfiguration;
			buildSettings = {
				ALWAYS_EMBED_SWIFT_STANDARD_LIBRARIES = YES;
				CODE_SIGN_STYLE = Automatic;
				DEVELOPMENT_TEAM = XGS97V26UJ;
				INFOPLIST_FILE = "audio-filtering-fft-dopplerUITests/Info.plist";
				LD_RUNPATH_SEARCH_PATHS = (
					"$(inherited)",
					"@executable_path/Frameworks",
					"@loader_path/Frameworks",
				);
				PRODUCT_BUNDLE_IDENTIFIER = "SMU.audio-filtering-fft-dopplerUITests";
				PRODUCT_NAME = "$(TARGET_NAME)";
				SWIFT_VERSION = 5.0;
				TARGETED_DEVICE_FAMILY = "1,2";
				TEST_TARGET_NAME = "audio-filtering-fft-doppler";
			};
			name = Release;
		};
/* End XCBuildConfiguration section */

/* Begin XCConfigurationList section */
		FDFC142926FBF3960039CE1C /* Build configuration list for PBXProject "audio-filtering-fft-doppler" */ = {
			isa = XCConfigurationList;
			buildConfigurations = (
				FDFC145626FBF3970039CE1C /* Debug */,
				FDFC145726FBF3970039CE1C /* Release */,
			);
			defaultConfigurationIsVisible = 0;
			defaultConfigurationName = Release;
		};
		FDFC145826FBF3970039CE1C /* Build configuration list for PBXNativeTarget "audio-filtering-fft-doppler" */ = {
			isa = XCConfigurationList;
			buildConfigurations = (
				FDFC145926FBF3970039CE1C /* Debug */,
				FDFC145A26FBF3970039CE1C /* Release */,
			);
			defaultConfigurationIsVisible = 0;
			defaultConfigurationName = Release;
		};
		FDFC145B26FBF3970039CE1C /* Build configuration list for PBXNativeTarget "audio-filtering-fft-dopplerTests" */ = {
			isa = XCConfigurationList;
			buildConfigurations = (
				FDFC145C26FBF3970039CE1C /* Debug */,
				FDFC145D26FBF3970039CE1C /* Release */,
			);
			defaultConfigurationIsVisible = 0;
			defaultConfigurationName = Release;
		};
		FDFC145E26FBF3970039CE1C /* Build configuration list for PBXNativeTarget "audio-filtering-fft-dopplerUITests" */ = {
			isa = XCConfigurationList;
			buildConfigurations = (
				FDFC145F26FBF3970039CE1C /* Debug */,
				FDFC146026FBF3970039CE1C /* Release */,
			);
			defaultConfigurationIsVisible = 0;
			defaultConfigurationName = Release;
		};
/* End XCConfigurationList section */
	};
	rootObject = FDFC142626FBF3960039CE1C /* Project object */;
}
